// !$*UTF8*$!
{
	archiveVersion = 1;
	classes = {
	};
	objectVersion = 55;
	objects = {

/* Begin PBXBuildFile section */
		3236DF82281FC453006792AC /* PaddingLabel+Extension.swift in Sources */ = {isa = PBXBuildFile; fileRef = 3236DF81281FC453006792AC /* PaddingLabel+Extension.swift */; };
		3236DF89281FC463006792AC /* UserInfo.swift in Sources */ = {isa = PBXBuildFile; fileRef = 3236DF84281FC463006792AC /* UserInfo.swift */; };
		3236DF8A281FC463006792AC /* Ability.swift in Sources */ = {isa = PBXBuildFile; fileRef = 3236DF85281FC463006792AC /* Ability.swift */; };
		3236DF8B281FC463006792AC /* Career.swift in Sources */ = {isa = PBXBuildFile; fileRef = 3236DF86281FC463006792AC /* Career.swift */; };
		3236DF8C281FC463006792AC /* Education.swift in Sources */ = {isa = PBXBuildFile; fileRef = 3236DF87281FC463006792AC /* Education.swift */; };
		3236DF8D281FC463006792AC /* Stat.swift in Sources */ = {isa = PBXBuildFile; fileRef = 3236DF88281FC463006792AC /* Stat.swift */; };
		32C6B3E12811A1CC0090AA9D /* AppDelegate.swift in Sources */ = {isa = PBXBuildFile; fileRef = 32C6B3E02811A1CC0090AA9D /* AppDelegate.swift */; };
		32C6B3E32811A1CC0090AA9D /* SceneDelegate.swift in Sources */ = {isa = PBXBuildFile; fileRef = 32C6B3E22811A1CC0090AA9D /* SceneDelegate.swift */; };
		32C6B3E52811A1CC0090AA9D /* MainViewController.swift in Sources */ = {isa = PBXBuildFile; fileRef = 32C6B3E42811A1CC0090AA9D /* MainViewController.swift */; };
		32C6B3E82811A1CC0090AA9D /* Main.storyboard in Resources */ = {isa = PBXBuildFile; fileRef = 32C6B3E62811A1CC0090AA9D /* Main.storyboard */; };
		32C6B3EA2811A1CD0090AA9D /* Assets.xcassets in Resources */ = {isa = PBXBuildFile; fileRef = 32C6B3E92811A1CD0090AA9D /* Assets.xcassets */; };
		32C6B3ED2811A1CD0090AA9D /* LaunchScreen.storyboard in Resources */ = {isa = PBXBuildFile; fileRef = 32C6B3EB2811A1CD0090AA9D /* LaunchScreen.storyboard */; };
		32C6B3FE2811A8610090AA9D /* MainTab.swift in Sources */ = {isa = PBXBuildFile; fileRef = 32C6B3FD2811A8610090AA9D /* MainTab.swift */; };
		32C6B4062811AAF40090AA9D /* Home.storyboard in Resources */ = {isa = PBXBuildFile; fileRef = 32C6B4052811AAF40090AA9D /* Home.storyboard */; };
		32C6B40A2811AB380090AA9D /* MyStack.storyboard in Resources */ = {isa = PBXBuildFile; fileRef = 32C6B4092811AB380090AA9D /* MyStack.storyboard */; };
		32C6B40E2811C6280090AA9D /* HomeViewController.swift in Sources */ = {isa = PBXBuildFile; fileRef = 32C6B40D2811C6280090AA9D /* HomeViewController.swift */; };
		32C6B4122811C7400090AA9D /* MyStackViewController.swift in Sources */ = {isa = PBXBuildFile; fileRef = 32C6B4112811C7400090AA9D /* MyStackViewController.swift */; };
		32C6B4162811C8E00090AA9D /* UIViewController+Extension.swift in Sources */ = {isa = PBXBuildFile; fileRef = 32C6B4152811C8E00090AA9D /* UIViewController+Extension.swift */; };
		32C6B41D2811D5200090AA9D /* FindCareer.storyboard in Resources */ = {isa = PBXBuildFile; fileRef = 32C6B41C2811D5200090AA9D /* FindCareer.storyboard */; };
		32C6B41F2811D5350090AA9D /* FindCareerViewController.swift in Sources */ = {isa = PBXBuildFile; fileRef = 32C6B41E2811D5350090AA9D /* FindCareerViewController.swift */; };
		F86094302816BF1C001D95D3 /* GrassView.swift in Sources */ = {isa = PBXBuildFile; fileRef = F860942D2816BF1C001D95D3 /* GrassView.swift */; };
		F86094312816BF1C001D95D3 /* GitHub.swift in Sources */ = {isa = PBXBuildFile; fileRef = F860942E2816BF1C001D95D3 /* GitHub.swift */; };
		F86094322816BF1C001D95D3 /* Interface.swift in Sources */ = {isa = PBXBuildFile; fileRef = F860942F2816BF1C001D95D3 /* Interface.swift */; };
		F8684EBD2816ABBC00A1F3F3 /* SwiftSoup in Frameworks */ = {isa = PBXBuildFile; productRef = F8684EBC2816ABBC00A1F3F3 /* SwiftSoup */; };
/* End PBXBuildFile section */

/* Begin PBXFileReference section */
		3236DF81281FC453006792AC /* PaddingLabel+Extension.swift */ = {isa = PBXFileReference; fileEncoding = 4; lastKnownFileType = sourcecode.swift; path = "PaddingLabel+Extension.swift"; sourceTree = "<group>"; };
		3236DF84281FC463006792AC /* UserInfo.swift */ = {isa = PBXFileReference; fileEncoding = 4; lastKnownFileType = sourcecode.swift; path = UserInfo.swift; sourceTree = "<group>"; };
		3236DF85281FC463006792AC /* Ability.swift */ = {isa = PBXFileReference; fileEncoding = 4; lastKnownFileType = sourcecode.swift; path = Ability.swift; sourceTree = "<group>"; };
		3236DF86281FC463006792AC /* Career.swift */ = {isa = PBXFileReference; fileEncoding = 4; lastKnownFileType = sourcecode.swift; path = Career.swift; sourceTree = "<group>"; };
		3236DF87281FC463006792AC /* Education.swift */ = {isa = PBXFileReference; fileEncoding = 4; lastKnownFileType = sourcecode.swift; path = Education.swift; sourceTree = "<group>"; };
		3236DF88281FC463006792AC /* Stat.swift */ = {isa = PBXFileReference; fileEncoding = 4; lastKnownFileType = sourcecode.swift; path = Stat.swift; sourceTree = "<group>"; };
		32C6B3DD2811A1CC0090AA9D /* Gaeggum.app */ = {isa = PBXFileReference; explicitFileType = wrapper.application; includeInIndex = 0; path = Gaeggum.app; sourceTree = BUILT_PRODUCTS_DIR; };
		32C6B3E02811A1CC0090AA9D /* AppDelegate.swift */ = {isa = PBXFileReference; lastKnownFileType = sourcecode.swift; path = AppDelegate.swift; sourceTree = "<group>"; };
		32C6B3E22811A1CC0090AA9D /* SceneDelegate.swift */ = {isa = PBXFileReference; lastKnownFileType = sourcecode.swift; path = SceneDelegate.swift; sourceTree = "<group>"; };
		32C6B3E42811A1CC0090AA9D /* MainViewController.swift */ = {isa = PBXFileReference; lastKnownFileType = sourcecode.swift; path = MainViewController.swift; sourceTree = "<group>"; };
		32C6B3E72811A1CC0090AA9D /* Base */ = {isa = PBXFileReference; lastKnownFileType = file.storyboard; name = Base; path = Base.lproj/Main.storyboard; sourceTree = "<group>"; };
		32C6B3E92811A1CD0090AA9D /* Assets.xcassets */ = {isa = PBXFileReference; lastKnownFileType = folder.assetcatalog; path = Assets.xcassets; sourceTree = "<group>"; };
		32C6B3EC2811A1CD0090AA9D /* Base */ = {isa = PBXFileReference; lastKnownFileType = file.storyboard; name = Base; path = Base.lproj/LaunchScreen.storyboard; sourceTree = "<group>"; };
		32C6B3EE2811A1CD0090AA9D /* Info.plist */ = {isa = PBXFileReference; lastKnownFileType = text.plist.xml; path = Info.plist; sourceTree = "<group>"; };
		32C6B3FD2811A8610090AA9D /* MainTab.swift */ = {isa = PBXFileReference; lastKnownFileType = sourcecode.swift; path = MainTab.swift; sourceTree = "<group>"; };
		32C6B4052811AAF40090AA9D /* Home.storyboard */ = {isa = PBXFileReference; lastKnownFileType = file.storyboard; path = Home.storyboard; sourceTree = "<group>"; };
		32C6B4092811AB380090AA9D /* MyStack.storyboard */ = {isa = PBXFileReference; lastKnownFileType = file.storyboard; path = MyStack.storyboard; sourceTree = "<group>"; };
		32C6B40D2811C6280090AA9D /* HomeViewController.swift */ = {isa = PBXFileReference; lastKnownFileType = sourcecode.swift; path = HomeViewController.swift; sourceTree = "<group>"; };
		32C6B4112811C7400090AA9D /* MyStackViewController.swift */ = {isa = PBXFileReference; lastKnownFileType = sourcecode.swift; path = MyStackViewController.swift; sourceTree = "<group>"; };
		32C6B4152811C8E00090AA9D /* UIViewController+Extension.swift */ = {isa = PBXFileReference; lastKnownFileType = sourcecode.swift; path = "UIViewController+Extension.swift"; sourceTree = "<group>"; };
		32C6B41C2811D5200090AA9D /* FindCareer.storyboard */ = {isa = PBXFileReference; lastKnownFileType = file.storyboard; path = FindCareer.storyboard; sourceTree = "<group>"; };
		32C6B41E2811D5350090AA9D /* FindCareerViewController.swift */ = {isa = PBXFileReference; lastKnownFileType = sourcecode.swift; path = FindCareerViewController.swift; sourceTree = "<group>"; };
		F860942D2816BF1C001D95D3 /* GrassView.swift */ = {isa = PBXFileReference; fileEncoding = 4; lastKnownFileType = sourcecode.swift; path = GrassView.swift; sourceTree = "<group>"; };
		F860942E2816BF1C001D95D3 /* GitHub.swift */ = {isa = PBXFileReference; fileEncoding = 4; lastKnownFileType = sourcecode.swift; path = GitHub.swift; sourceTree = "<group>"; };
		F860942F2816BF1C001D95D3 /* Interface.swift */ = {isa = PBXFileReference; fileEncoding = 4; lastKnownFileType = sourcecode.swift; path = Interface.swift; sourceTree = "<group>"; };
/* End PBXFileReference section */

/* Begin PBXFrameworksBuildPhase section */
		32C6B3DA2811A1CC0090AA9D /* Frameworks */ = {
			isa = PBXFrameworksBuildPhase;
			buildActionMask = 2147483647;
			files = (
				F8684EBD2816ABBC00A1F3F3 /* SwiftSoup in Frameworks */,
			);
			runOnlyForDeploymentPostprocessing = 0;
		};
/* End PBXFrameworksBuildPhase section */

/* Begin PBXGroup section */
		3236DF83281FC463006792AC /* Models */ = {
			isa = PBXGroup;
			children = (
				3236DF84281FC463006792AC /* UserInfo.swift */,
				3236DF85281FC463006792AC /* Ability.swift */,
				3236DF86281FC463006792AC /* Career.swift */,
				3236DF87281FC463006792AC /* Education.swift */,
				3236DF88281FC463006792AC /* Stat.swift */,
			);
			path = Models;
			sourceTree = "<group>";
		};
		32C6B3D42811A1CB0090AA9D = {
			isa = PBXGroup;
			children = (
				32C6B3DF2811A1CC0090AA9D /* Gaeggum */,
				32C6B3DE2811A1CC0090AA9D /* Products */,
			);
			sourceTree = "<group>";
		};
		32C6B3DE2811A1CC0090AA9D /* Products */ = {
			isa = PBXGroup;
			children = (
				32C6B3DD2811A1CC0090AA9D /* Gaeggum.app */,
			);
			name = Products;
			sourceTree = "<group>";
		};
		32C6B3DF2811A1CC0090AA9D /* Gaeggum */ = {
			isa = PBXGroup;
			children = (
				3236DF83281FC463006792AC /* Models */,
				32C6B4132811C8AF0090AA9D /* Utils */,
				32C6B3F62811A20E0090AA9D /* Resources */,
				32C6B3F52811A1F90090AA9D /* Sources */,
				32C6B3F42811A1D90090AA9D /* SupportingFiles */,
			);
			path = Gaeggum;
			sourceTree = "<group>";
		};
		32C6B3F42811A1D90090AA9D /* SupportingFiles */ = {
			isa = PBXGroup;
			children = (
				32C6B3E02811A1CC0090AA9D /* AppDelegate.swift */,
				32C6B3E22811A1CC0090AA9D /* SceneDelegate.swift */,
				32C6B3EB2811A1CD0090AA9D /* LaunchScreen.storyboard */,
				32C6B3EE2811A1CD0090AA9D /* Info.plist */,
			);
			path = SupportingFiles;
			sourceTree = "<group>";
		};
		32C6B3F52811A1F90090AA9D /* Sources */ = {
			isa = PBXGroup;
			children = (
				32C6B4192811D4DD0090AA9D /* FindCareer */,
				32C6B3FA2811A5DE0090AA9D /* MyStack */,
				32C6B3F82811A5C30090AA9D /* Home */,
				32C6B3F72811A22E0090AA9D /* Main */,
			);
			path = Sources;
			sourceTree = "<group>";
		};
		32C6B3F62811A20E0090AA9D /* Resources */ = {
			isa = PBXGroup;
			children = (
				32C6B3E92811A1CD0090AA9D /* Assets.xcassets */,
			);
			path = Resources;
			sourceTree = "<group>";
		};
		32C6B3F72811A22E0090AA9D /* Main */ = {
			isa = PBXGroup;
			children = (
				32C6B3FB2811A81B0090AA9D /* ViewController */,
				32C6B3FC2811A8340090AA9D /* Storyboard */,
				32C6B3FD2811A8610090AA9D /* MainTab.swift */,
			);
			path = Main;
			sourceTree = "<group>";
		};
		32C6B3F82811A5C30090AA9D /* Home */ = {
			isa = PBXGroup;
			children = (
				32C6B4002811A9E80090AA9D /* ViewController */,
				32C6B3FF2811A9DA0090AA9D /* Storyboard */,
			);
			path = Home;
			sourceTree = "<group>";
		};
		32C6B3FA2811A5DE0090AA9D /* MyStack */ = {
			isa = PBXGroup;
			children = (
				F860942C2816BF1C001D95D3 /* Grass */,
				32C6B4042811AA110090AA9D /* ViewController */,
				32C6B4032811AA0A0090AA9D /* Storyboard */,
			);
			path = MyStack;
			sourceTree = "<group>";
		};
		32C6B3FB2811A81B0090AA9D /* ViewController */ = {
			isa = PBXGroup;
			children = (
				32C6B3E42811A1CC0090AA9D /* MainViewController.swift */,
			);
			path = ViewController;
			sourceTree = "<group>";
		};
		32C6B3FC2811A8340090AA9D /* Storyboard */ = {
			isa = PBXGroup;
			children = (
				32C6B3E62811A1CC0090AA9D /* Main.storyboard */,
			);
			path = Storyboard;
			sourceTree = "<group>";
		};
		32C6B3FF2811A9DA0090AA9D /* Storyboard */ = {
			isa = PBXGroup;
			children = (
				32C6B4052811AAF40090AA9D /* Home.storyboard */,
			);
			path = Storyboard;
			sourceTree = "<group>";
		};
		32C6B4002811A9E80090AA9D /* ViewController */ = {
			isa = PBXGroup;
			children = (
				32C6B40D2811C6280090AA9D /* HomeViewController.swift */,
			);
			path = ViewController;
			sourceTree = "<group>";
		};
		32C6B4032811AA0A0090AA9D /* Storyboard */ = {
			isa = PBXGroup;
			children = (
				32C6B4092811AB380090AA9D /* MyStack.storyboard */,
			);
			path = Storyboard;
			sourceTree = "<group>";
		};
		32C6B4042811AA110090AA9D /* ViewController */ = {
			isa = PBXGroup;
			children = (
				32C6B4112811C7400090AA9D /* MyStackViewController.swift */,
			);
			path = ViewController;
			sourceTree = "<group>";
		};
		32C6B4132811C8AF0090AA9D /* Utils */ = {
			isa = PBXGroup;
			children = (
				32C6B4142811C8BD0090AA9D /* Extension */,
			);
			path = Utils;
			sourceTree = "<group>";
		};
		32C6B4142811C8BD0090AA9D /* Extension */ = {
			isa = PBXGroup;
			children = (
				32C6B4152811C8E00090AA9D /* UIViewController+Extension.swift */,
				3236DF81281FC453006792AC /* PaddingLabel+Extension.swift */,
			);
			path = Extension;
			sourceTree = "<group>";
		};
		32C6B4192811D4DD0090AA9D /* FindCareer */ = {
			isa = PBXGroup;
			children = (
				32C6B41A2811D4F40090AA9D /* ViewController */,
				32C6B41B2811D4FD0090AA9D /* Storyboard */,
			);
			path = FindCareer;
			sourceTree = "<group>";
		};
		32C6B41A2811D4F40090AA9D /* ViewController */ = {
			isa = PBXGroup;
			children = (
				32C6B41E2811D5350090AA9D /* FindCareerViewController.swift */,
			);
			path = ViewController;
			sourceTree = "<group>";
		};
		32C6B41B2811D4FD0090AA9D /* Storyboard */ = {
			isa = PBXGroup;
			children = (
				32C6B41C2811D5200090AA9D /* FindCareer.storyboard */,
			);
			path = Storyboard;
			sourceTree = "<group>";
		};
		F860942C2816BF1C001D95D3 /* Grass */ = {
			isa = PBXGroup;
			children = (
				F860942D2816BF1C001D95D3 /* GrassView.swift */,
				F860942E2816BF1C001D95D3 /* GitHub.swift */,
				F860942F2816BF1C001D95D3 /* Interface.swift */,
			);
			path = Grass;
			sourceTree = "<group>";
		};
/* End PBXGroup section */

/* Begin PBXNativeTarget section */
		32C6B3DC2811A1CC0090AA9D /* Gaeggum */ = {
			isa = PBXNativeTarget;
			buildConfigurationList = 32C6B3F12811A1CD0090AA9D /* Build configuration list for PBXNativeTarget "Gaeggum" */;
			buildPhases = (
				32C6B3D92811A1CC0090AA9D /* Sources */,
				32C6B3DA2811A1CC0090AA9D /* Frameworks */,
				32C6B3DB2811A1CC0090AA9D /* Resources */,
			);
			buildRules = (
			);
			dependencies = (
			);
			name = Gaeggum;
			packageProductDependencies = (
				F8684EBC2816ABBC00A1F3F3 /* SwiftSoup */,
			);
			productName = Gaeggum;
			productReference = 32C6B3DD2811A1CC0090AA9D /* Gaeggum.app */;
			productType = "com.apple.product-type.application";
		};
/* End PBXNativeTarget section */

/* Begin PBXProject section */
		32C6B3D52811A1CB0090AA9D /* Project object */ = {
			isa = PBXProject;
			attributes = {
				BuildIndependentTargetsInParallel = 1;
				LastSwiftUpdateCheck = 1330;
				LastUpgradeCheck = 1330;
				TargetAttributes = {
					32C6B3DC2811A1CC0090AA9D = {
						CreatedOnToolsVersion = 13.3.1;
					};
				};
			};
			buildConfigurationList = 32C6B3D82811A1CB0090AA9D /* Build configuration list for PBXProject "Gaeggum" */;
			compatibilityVersion = "Xcode 13.0";
			developmentRegion = en;
			hasScannedForEncodings = 0;
			knownRegions = (
				en,
				Base,
			);
			mainGroup = 32C6B3D42811A1CB0090AA9D;
			packageReferences = (
				F8684EBB2816ABBC00A1F3F3 /* XCRemoteSwiftPackageReference "SwiftSoup" */,
			);
			productRefGroup = 32C6B3DE2811A1CC0090AA9D /* Products */;
			projectDirPath = "";
			projectRoot = "";
			targets = (
				32C6B3DC2811A1CC0090AA9D /* Gaeggum */,
			);
		};
/* End PBXProject section */

/* Begin PBXResourcesBuildPhase section */
		32C6B3DB2811A1CC0090AA9D /* Resources */ = {
			isa = PBXResourcesBuildPhase;
			buildActionMask = 2147483647;
			files = (
				32C6B3ED2811A1CD0090AA9D /* LaunchScreen.storyboard in Resources */,
				32C6B41D2811D5200090AA9D /* FindCareer.storyboard in Resources */,
				32C6B3EA2811A1CD0090AA9D /* Assets.xcassets in Resources */,
				32C6B40A2811AB380090AA9D /* MyStack.storyboard in Resources */,
				32C6B3E82811A1CC0090AA9D /* Main.storyboard in Resources */,
				32C6B4062811AAF40090AA9D /* Home.storyboard in Resources */,
			);
			runOnlyForDeploymentPostprocessing = 0;
		};
/* End PBXResourcesBuildPhase section */

/* Begin PBXSourcesBuildPhase section */
		32C6B3D92811A1CC0090AA9D /* Sources */ = {
			isa = PBXSourcesBuildPhase;
			buildActionMask = 2147483647;
			files = (
				F86094312816BF1C001D95D3 /* GitHub.swift in Sources */,
				32C6B4162811C8E00090AA9D /* UIViewController+Extension.swift in Sources */,
				32C6B4122811C7400090AA9D /* MyStackViewController.swift in Sources */,
				32C6B40E2811C6280090AA9D /* HomeViewController.swift in Sources */,
				3236DF8B281FC463006792AC /* Career.swift in Sources */,
				32C6B41F2811D5350090AA9D /* FindCareerViewController.swift in Sources */,
				3236DF8C281FC463006792AC /* Education.swift in Sources */,
				32C6B3FE2811A8610090AA9D /* MainTab.swift in Sources */,
				F86094302816BF1C001D95D3 /* GrassView.swift in Sources */,
				32C6B3E52811A1CC0090AA9D /* MainViewController.swift in Sources */,
				3236DF8D281FC463006792AC /* Stat.swift in Sources */,
				3236DF89281FC463006792AC /* UserInfo.swift in Sources */,
				F86094322816BF1C001D95D3 /* Interface.swift in Sources */,
				3236DF8A281FC463006792AC /* Ability.swift in Sources */,
				32C6B3E12811A1CC0090AA9D /* AppDelegate.swift in Sources */,
				3236DF82281FC453006792AC /* PaddingLabel+Extension.swift in Sources */,
				32C6B3E32811A1CC0090AA9D /* SceneDelegate.swift in Sources */,
			);
			runOnlyForDeploymentPostprocessing = 0;
		};
/* End PBXSourcesBuildPhase section */

/* Begin PBXVariantGroup section */
		32C6B3E62811A1CC0090AA9D /* Main.storyboard */ = {
			isa = PBXVariantGroup;
			children = (
				32C6B3E72811A1CC0090AA9D /* Base */,
			);
			name = Main.storyboard;
			sourceTree = "<group>";
		};
		32C6B3EB2811A1CD0090AA9D /* LaunchScreen.storyboard */ = {
			isa = PBXVariantGroup;
			children = (
				32C6B3EC2811A1CD0090AA9D /* Base */,
			);
			name = LaunchScreen.storyboard;
			sourceTree = "<group>";
		};
/* End PBXVariantGroup section */

/* Begin XCBuildConfiguration section */
		32C6B3EF2811A1CD0090AA9D /* Debug */ = {
			isa = XCBuildConfiguration;
			buildSettings = {
				ALWAYS_SEARCH_USER_PATHS = NO;
				CLANG_ANALYZER_NONNULL = YES;
				CLANG_ANALYZER_NUMBER_OBJECT_CONVERSION = YES_AGGRESSIVE;
				CLANG_CXX_LANGUAGE_STANDARD = "gnu++17";
				CLANG_ENABLE_MODULES = YES;
				CLANG_ENABLE_OBJC_ARC = YES;
				CLANG_ENABLE_OBJC_WEAK = YES;
				CLANG_WARN_BLOCK_CAPTURE_AUTORELEASING = YES;
				CLANG_WARN_BOOL_CONVERSION = YES;
				CLANG_WARN_COMMA = YES;
				CLANG_WARN_CONSTANT_CONVERSION = YES;
				CLANG_WARN_DEPRECATED_OBJC_IMPLEMENTATIONS = YES;
				CLANG_WARN_DIRECT_OBJC_ISA_USAGE = YES_ERROR;
				CLANG_WARN_DOCUMENTATION_COMMENTS = YES;
				CLANG_WARN_EMPTY_BODY = YES;
				CLANG_WARN_ENUM_CONVERSION = YES;
				CLANG_WARN_INFINITE_RECURSION = YES;
				CLANG_WARN_INT_CONVERSION = YES;
				CLANG_WARN_NON_LITERAL_NULL_CONVERSION = YES;
				CLANG_WARN_OBJC_IMPLICIT_RETAIN_SELF = YES;
				CLANG_WARN_OBJC_LITERAL_CONVERSION = YES;
				CLANG_WARN_OBJC_ROOT_CLASS = YES_ERROR;
				CLANG_WARN_QUOTED_INCLUDE_IN_FRAMEWORK_HEADER = YES;
				CLANG_WARN_RANGE_LOOP_ANALYSIS = YES;
				CLANG_WARN_STRICT_PROTOTYPES = YES;
				CLANG_WARN_SUSPICIOUS_MOVE = YES;
				CLANG_WARN_UNGUARDED_AVAILABILITY = YES_AGGRESSIVE;
				CLANG_WARN_UNREACHABLE_CODE = YES;
				CLANG_WARN__DUPLICATE_METHOD_MATCH = YES;
				COPY_PHASE_STRIP = NO;
				DEBUG_INFORMATION_FORMAT = dwarf;
				ENABLE_STRICT_OBJC_MSGSEND = YES;
				ENABLE_TESTABILITY = YES;
				GCC_C_LANGUAGE_STANDARD = gnu11;
				GCC_DYNAMIC_NO_PIC = NO;
				GCC_NO_COMMON_BLOCKS = YES;
				GCC_OPTIMIZATION_LEVEL = 0;
				GCC_PREPROCESSOR_DEFINITIONS = (
					"DEBUG=1",
					"$(inherited)",
				);
				GCC_WARN_64_TO_32_BIT_CONVERSION = YES;
				GCC_WARN_ABOUT_RETURN_TYPE = YES_ERROR;
				GCC_WARN_UNDECLARED_SELECTOR = YES;
				GCC_WARN_UNINITIALIZED_AUTOS = YES_AGGRESSIVE;
				GCC_WARN_UNUSED_FUNCTION = YES;
				GCC_WARN_UNUSED_VARIABLE = YES;
				IPHONEOS_DEPLOYMENT_TARGET = 15.4;
				MTL_ENABLE_DEBUG_INFO = INCLUDE_SOURCE;
				MTL_FAST_MATH = YES;
				ONLY_ACTIVE_ARCH = YES;
				SDKROOT = iphoneos;
				SWIFT_ACTIVE_COMPILATION_CONDITIONS = DEBUG;
				SWIFT_OPTIMIZATION_LEVEL = "-Onone";
			};
			name = Debug;
		};
		32C6B3F02811A1CD0090AA9D /* Release */ = {
			isa = XCBuildConfiguration;
			buildSettings = {
				ALWAYS_SEARCH_USER_PATHS = NO;
				CLANG_ANALYZER_NONNULL = YES;
				CLANG_ANALYZER_NUMBER_OBJECT_CONVERSION = YES_AGGRESSIVE;
				CLANG_CXX_LANGUAGE_STANDARD = "gnu++17";
				CLANG_ENABLE_MODULES = YES;
				CLANG_ENABLE_OBJC_ARC = YES;
				CLANG_ENABLE_OBJC_WEAK = YES;
				CLANG_WARN_BLOCK_CAPTURE_AUTORELEASING = YES;
				CLANG_WARN_BOOL_CONVERSION = YES;
				CLANG_WARN_COMMA = YES;
				CLANG_WARN_CONSTANT_CONVERSION = YES;
				CLANG_WARN_DEPRECATED_OBJC_IMPLEMENTATIONS = YES;
				CLANG_WARN_DIRECT_OBJC_ISA_USAGE = YES_ERROR;
				CLANG_WARN_DOCUMENTATION_COMMENTS = YES;
				CLANG_WARN_EMPTY_BODY = YES;
				CLANG_WARN_ENUM_CONVERSION = YES;
				CLANG_WARN_INFINITE_RECURSION = YES;
				CLANG_WARN_INT_CONVERSION = YES;
				CLANG_WARN_NON_LITERAL_NULL_CONVERSION = YES;
				CLANG_WARN_OBJC_IMPLICIT_RETAIN_SELF = YES;
				CLANG_WARN_OBJC_LITERAL_CONVERSION = YES;
				CLANG_WARN_OBJC_ROOT_CLASS = YES_ERROR;
				CLANG_WARN_QUOTED_INCLUDE_IN_FRAMEWORK_HEADER = YES;
				CLANG_WARN_RANGE_LOOP_ANALYSIS = YES;
				CLANG_WARN_STRICT_PROTOTYPES = YES;
				CLANG_WARN_SUSPICIOUS_MOVE = YES;
				CLANG_WARN_UNGUARDED_AVAILABILITY = YES_AGGRESSIVE;
				CLANG_WARN_UNREACHABLE_CODE = YES;
				CLANG_WARN__DUPLICATE_METHOD_MATCH = YES;
				COPY_PHASE_STRIP = NO;
				DEBUG_INFORMATION_FORMAT = "dwarf-with-dsym";
				ENABLE_NS_ASSERTIONS = NO;
				ENABLE_STRICT_OBJC_MSGSEND = YES;
				GCC_C_LANGUAGE_STANDARD = gnu11;
				GCC_NO_COMMON_BLOCKS = YES;
				GCC_WARN_64_TO_32_BIT_CONVERSION = YES;
				GCC_WARN_ABOUT_RETURN_TYPE = YES_ERROR;
				GCC_WARN_UNDECLARED_SELECTOR = YES;
				GCC_WARN_UNINITIALIZED_AUTOS = YES_AGGRESSIVE;
				GCC_WARN_UNUSED_FUNCTION = YES;
				GCC_WARN_UNUSED_VARIABLE = YES;
				IPHONEOS_DEPLOYMENT_TARGET = 15.4;
				MTL_ENABLE_DEBUG_INFO = NO;
				MTL_FAST_MATH = YES;
				SDKROOT = iphoneos;
				SWIFT_COMPILATION_MODE = wholemodule;
				SWIFT_OPTIMIZATION_LEVEL = "-O";
				VALIDATE_PRODUCT = YES;
			};
			name = Release;
		};
		32C6B3F22811A1CD0090AA9D /* Debug */ = {
			isa = XCBuildConfiguration;
			buildSettings = {
				ASSETCATALOG_COMPILER_APPICON_NAME = AppIcon;
				ASSETCATALOG_COMPILER_GLOBAL_ACCENT_COLOR_NAME = AccentColor;
				CODE_SIGN_STYLE = Automatic;
				CURRENT_PROJECT_VERSION = 1;
				GENERATE_INFOPLIST_FILE = YES;
				INFOPLIST_FILE = Gaeggum/SupportingFiles/Info.plist;
				INFOPLIST_KEY_UIApplicationSupportsIndirectInputEvents = YES;
				INFOPLIST_KEY_UILaunchStoryboardName = LaunchScreen;
				INFOPLIST_KEY_UIMainStoryboardFile = Main;
				INFOPLIST_KEY_UISupportedInterfaceOrientations_iPad = "UIInterfaceOrientationPortrait UIInterfaceOrientationPortraitUpsideDown UIInterfaceOrientationLandscapeLeft UIInterfaceOrientationLandscapeRight";
				INFOPLIST_KEY_UISupportedInterfaceOrientations_iPhone = "UIInterfaceOrientationPortrait UIInterfaceOrientationLandscapeLeft UIInterfaceOrientationLandscapeRight";
				LD_RUNPATH_SEARCH_PATHS = (
					"$(inherited)",
					"@executable_path/Frameworks",
				);
				MARKETING_VERSION = 1.0;
				PRODUCT_BUNDLE_IDENTIFIER = zeroStone.Gaeggum;
				PRODUCT_NAME = "$(TARGET_NAME)";
				SWIFT_EMIT_LOC_STRINGS = YES;
				SWIFT_VERSION = 5.0;
				TARGETED_DEVICE_FAMILY = "1,2";
			};
			name = Debug;
		};
		32C6B3F32811A1CD0090AA9D /* Release */ = {
			isa = XCBuildConfiguration;
			buildSettings = {
				ASSETCATALOG_COMPILER_APPICON_NAME = AppIcon;
				ASSETCATALOG_COMPILER_GLOBAL_ACCENT_COLOR_NAME = AccentColor;
				CODE_SIGN_STYLE = Automatic;
				CURRENT_PROJECT_VERSION = 1;
				GENERATE_INFOPLIST_FILE = YES;
				INFOPLIST_FILE = Gaeggum/Info.plist;
				INFOPLIST_KEY_UIApplicationSupportsIndirectInputEvents = YES;
				INFOPLIST_KEY_UILaunchStoryboardName = LaunchScreen;
				INFOPLIST_KEY_UIMainStoryboardFile = Main;
				INFOPLIST_KEY_UISupportedInterfaceOrientations_iPad = "UIInterfaceOrientationPortrait UIInterfaceOrientationPortraitUpsideDown UIInterfaceOrientationLandscapeLeft UIInterfaceOrientationLandscapeRight";
				INFOPLIST_KEY_UISupportedInterfaceOrientations_iPhone = "UIInterfaceOrientationPortrait UIInterfaceOrientationLandscapeLeft UIInterfaceOrientationLandscapeRight";
				LD_RUNPATH_SEARCH_PATHS = (
					"$(inherited)",
					"@executable_path/Frameworks",
				);
				MARKETING_VERSION = 1.0;
				PRODUCT_BUNDLE_IDENTIFIER = zeroStone.Gaeggum;
				PRODUCT_NAME = "$(TARGET_NAME)";
				SWIFT_EMIT_LOC_STRINGS = YES;
				SWIFT_VERSION = 5.0;
				TARGETED_DEVICE_FAMILY = "1,2";
			};
			name = Release;
		};
/* End XCBuildConfiguration section */

/* Begin XCConfigurationList section */
		32C6B3D82811A1CB0090AA9D /* Build configuration list for PBXProject "Gaeggum" */ = {
			isa = XCConfigurationList;
			buildConfigurations = (
				32C6B3EF2811A1CD0090AA9D /* Debug */,
				32C6B3F02811A1CD0090AA9D /* Release */,
			);
			defaultConfigurationIsVisible = 0;
			defaultConfigurationName = Release;
		};
		32C6B3F12811A1CD0090AA9D /* Build configuration list for PBXNativeTarget "Gaeggum" */ = {
			isa = XCConfigurationList;
			buildConfigurations = (
				32C6B3F22811A1CD0090AA9D /* Debug */,
				32C6B3F32811A1CD0090AA9D /* Release */,
			);
			defaultConfigurationIsVisible = 0;
			defaultConfigurationName = Release;
		};
/* End XCConfigurationList section */

/* Begin XCRemoteSwiftPackageReference section */
		F8684EBB2816ABBC00A1F3F3 /* XCRemoteSwiftPackageReference "SwiftSoup" */ = {
			isa = XCRemoteSwiftPackageReference;
			repositoryURL = "https://github.com/scinfu/SwiftSoup.git";
			requirement = {
				branch = master;
				kind = branch;
			};
		};
/* End XCRemoteSwiftPackageReference section */

/* Begin XCSwiftPackageProductDependency section */
		F8684EBC2816ABBC00A1F3F3 /* SwiftSoup */ = {
			isa = XCSwiftPackageProductDependency;
			package = F8684EBB2816ABBC00A1F3F3 /* XCRemoteSwiftPackageReference "SwiftSoup" */;
			productName = SwiftSoup;
		};
/* End XCSwiftPackageProductDependency section */
	};
	rootObject = 32C6B3D52811A1CB0090AA9D /* Project object */;
}
